
Microsoft Visual Studio Solution File, Format Version 12.00
# Visual Studio Version 17
VisualStudioVersion = 17.8.34330.188
MinimumVisualStudioVersion = 10.0.40219.1
Project("{FAE04EC0-301F-11D3-BF4B-00C04F79EFBC}") = "DemoEntityFrameWork", "DemoEntityFrameWork.csproj", "{EA2FDCD9-9055-461F-B80C-E59CB40C6E11}"
EndProject
Global
	GlobalSection(SolutionConfigurationPlatforms) = preSolution
		Debug|Any CPU = Debug|Any CPU
		Release|Any CPU = Release|Any CPU
	EndGlobalSection
	GlobalSection(ProjectConfigurationPlatforms) = postSolution
		{EA2FDCD9-9055-461F-B80C-E59CB40C6E11}.Debug|Any CPU.ActiveCfg = Debug|Any CPU
		{EA2FDCD9-9055-461F-B80C-E59CB40C6E11}.Debug|Any CPU.Build.0 = Debug|Any CPU
		{EA2FDCD9-9055-461F-B80C-E59CB40C6E11}.Release|Any CPU.ActiveCfg = Release|Any CPU
		{EA2FDCD9-9055-461F-B80C-E59CB40C6E11}.Release|Any CPU.Build.0 = Release|Any CPU
	EndGlobalSection
	GlobalSection(SolutionProperties) = preSolution
		HideSolutionNode = FALSE
	EndGlobalSection
	GlobalSection(ExtensibilityGlobals) = postSolution
		SolutionGuid = {40F03DE3-41AF-4804-82DE-838748415FD2}
	EndGlobalSection
EndGlobal
