
Microsoft Visual Studio Solution File, Format Version 12.00
# Visual Studio Version 17
VisualStudioVersion = 17.8.34330.188
MinimumVisualStudioVersion = 10.0.40219.1
Project("{9A19103F-16F7-4668-BE54-9A1E7A4F7556}") = "Application", "..\Application\Application.csproj", "{69EA4638-A411-4F05-9B08-D913E34EC945}"
EndProject
Project("{9A19103F-16F7-4668-BE54-9A1E7A4F7556}") = "Domain", "..\Domain\Domain.csproj", "{519A081D-B5D5-4401-AE88-0D3F7C6EE3E9}"
EndProject
Project("{9A19103F-16F7-4668-BE54-9A1E7A4F7556}") = "SortieWebApp", "SortieWebApp.csproj", "{B7879C83-6EA7-4C5F-B585-E1E620507C89}"
EndProject
Project("{9A19103F-16F7-4668-BE54-9A1E7A4F7556}") = "Infrastructure", "..\Infrastructure\Infrastructure.csproj", "{86ECF3FC-F82B-44A4-896F-D87644268FEB}"
EndProject
Global
	GlobalSection(SolutionConfigurationPlatforms) = preSolution
		Debug|Any CPU = Debug|Any CPU
		Release|Any CPU = Release|Any CPU
	EndGlobalSection
	GlobalSection(ProjectConfigurationPlatforms) = postSolution
		{69EA4638-A411-4F05-9B08-D913E34EC945}.Debug|Any CPU.ActiveCfg = Debug|Any CPU
		{69EA4638-A411-4F05-9B08-D913E34EC945}.Debug|Any CPU.Build.0 = Debug|Any CPU
		{69EA4638-A411-4F05-9B08-D913E34EC945}.Release|Any CPU.ActiveCfg = Release|Any CPU
		{69EA4638-A411-4F05-9B08-D913E34EC945}.Release|Any CPU.Build.0 = Release|Any CPU
		{519A081D-B5D5-4401-AE88-0D3F7C6EE3E9}.Debug|Any CPU.ActiveCfg = Debug|Any CPU
		{519A081D-B5D5-4401-AE88-0D3F7C6EE3E9}.Debug|Any CPU.Build.0 = Debug|Any CPU
		{519A081D-B5D5-4401-AE88-0D3F7C6EE3E9}.Release|Any CPU.ActiveCfg = Release|Any CPU
		{519A081D-B5D5-4401-AE88-0D3F7C6EE3E9}.Release|Any CPU.Build.0 = Release|Any CPU
		{B7879C83-6EA7-4C5F-B585-E1E620507C89}.Debug|Any CPU.ActiveCfg = Debug|Any CPU
		{B7879C83-6EA7-4C5F-B585-E1E620507C89}.Debug|Any CPU.Build.0 = Debug|Any CPU
		{B7879C83-6EA7-4C5F-B585-E1E620507C89}.Release|Any CPU.ActiveCfg = Release|Any CPU
		{B7879C83-6EA7-4C5F-B585-E1E620507C89}.Release|Any CPU.Build.0 = Release|Any CPU
		{86ECF3FC-F82B-44A4-896F-D87644268FEB}.Debug|Any CPU.ActiveCfg = Debug|Any CPU
		{86ECF3FC-F82B-44A4-896F-D87644268FEB}.Debug|Any CPU.Build.0 = Debug|Any CPU
		{86ECF3FC-F82B-44A4-896F-D87644268FEB}.Release|Any CPU.ActiveCfg = Release|Any CPU
		{86ECF3FC-F82B-44A4-896F-D87644268FEB}.Release|Any CPU.Build.0 = Release|Any CPU
	EndGlobalSection
	GlobalSection(SolutionProperties) = preSolution
		HideSolutionNode = FALSE
	EndGlobalSection
	GlobalSection(ExtensibilityGlobals) = postSolution
		SolutionGuid = {1CB2FD51-A2BB-4919-BD56-B2BE818BC1CD}
	EndGlobalSection
EndGlobal
