
Microsoft Visual Studio Solution File, Format Version 12.00
# Visual Studio Version 17
VisualStudioVersion = 17.8.34330.188
MinimumVisualStudioVersion = 10.0.40219.1
Project("{FAE04EC0-301F-11D3-BF4B-00C04F79EFBC}") = "TpChat", "TpChat.csproj", "{1209800D-C386-4D15-94EB-501A06F68F11}"
EndProject
Global
	GlobalSection(SolutionConfigurationPlatforms) = preSolution
		Debug|Any CPU = Debug|Any CPU
		Release|Any CPU = Release|Any CPU
	EndGlobalSection
	GlobalSection(ProjectConfigurationPlatforms) = postSolution
		{1209800D-C386-4D15-94EB-501A06F68F11}.Debug|Any CPU.ActiveCfg = Debug|Any CPU
		{1209800D-C386-4D15-94EB-501A06F68F11}.Debug|Any CPU.Build.0 = Debug|Any CPU
		{1209800D-C386-4D15-94EB-501A06F68F11}.Release|Any CPU.ActiveCfg = Release|Any CPU
		{1209800D-C386-4D15-94EB-501A06F68F11}.Release|Any CPU.Build.0 = Release|Any CPU
	EndGlobalSection
	GlobalSection(SolutionProperties) = preSolution
		HideSolutionNode = FALSE
	EndGlobalSection
	GlobalSection(ExtensibilityGlobals) = postSolution
		SolutionGuid = {1737E7E7-99B8-43A3-9CEE-FF98F1E04B92}
	EndGlobalSection
EndGlobal
