
Microsoft Visual Studio Solution File, Format Version 12.00
# Visual Studio Version 17
VisualStudioVersion = 17.8.34330.188
MinimumVisualStudioVersion = 10.0.40219.1
Project("{FAE04EC0-301F-11D3-BF4B-00C04F79EFBC}") = "TpChats", "TpChats\TpChats.csproj", "{DB3D6EF2-BDDA-4EAF-9853-AB5B79A8D7CA}"
EndProject
Global
	GlobalSection(SolutionConfigurationPlatforms) = preSolution
		Debug|Any CPU = Debug|Any CPU
		Release|Any CPU = Release|Any CPU
	EndGlobalSection
	GlobalSection(ProjectConfigurationPlatforms) = postSolution
		{DB3D6EF2-BDDA-4EAF-9853-AB5B79A8D7CA}.Debug|Any CPU.ActiveCfg = Debug|Any CPU
		{DB3D6EF2-BDDA-4EAF-9853-AB5B79A8D7CA}.Debug|Any CPU.Build.0 = Debug|Any CPU
		{DB3D6EF2-BDDA-4EAF-9853-AB5B79A8D7CA}.Release|Any CPU.ActiveCfg = Release|Any CPU
		{DB3D6EF2-BDDA-4EAF-9853-AB5B79A8D7CA}.Release|Any CPU.Build.0 = Release|Any CPU
	EndGlobalSection
	GlobalSection(SolutionProperties) = preSolution
		HideSolutionNode = FALSE
	EndGlobalSection
	GlobalSection(ExtensibilityGlobals) = postSolution
		SolutionGuid = {451F2C6A-DE99-4712-B47C-2CFEA5CF5CD6}
	EndGlobalSection
EndGlobal
