
Microsoft Visual Studio Solution File, Format Version 12.00
# Visual Studio Version 17
VisualStudioVersion = 17.8.34330.188
MinimumVisualStudioVersion = 10.0.40219.1
Project("{FAE04EC0-301F-11D3-BF4B-00C04F79EFBC}") = "AngularSortirWeb.Server", "AngularSortirWeb.Server\AngularSortirWeb.Server.csproj", "{16292DA8-2295-4F8B-A320-943F1E1F6C5B}"
EndProject
Project("{54A90642-561A-4BB1-A94E-469ADEE60C69}") = "angularsortirweb.client", "angularsortirweb.client\angularsortirweb.client.esproj", "{969385E7-E855-47A8-94D2-97CC8002457E}"
EndProject
Global
	GlobalSection(SolutionConfigurationPlatforms) = preSolution
		Debug|Any CPU = Debug|Any CPU
		Release|Any CPU = Release|Any CPU
	EndGlobalSection
	GlobalSection(ProjectConfigurationPlatforms) = postSolution
		{16292DA8-2295-4F8B-A320-943F1E1F6C5B}.Debug|Any CPU.ActiveCfg = Debug|Any CPU
		{16292DA8-2295-4F8B-A320-943F1E1F6C5B}.Debug|Any CPU.Build.0 = Debug|Any CPU
		{16292DA8-2295-4F8B-A320-943F1E1F6C5B}.Release|Any CPU.ActiveCfg = Release|Any CPU
		{16292DA8-2295-4F8B-A320-943F1E1F6C5B}.Release|Any CPU.Build.0 = Release|Any CPU
		{969385E7-E855-47A8-94D2-97CC8002457E}.Debug|Any CPU.ActiveCfg = Debug|Any CPU
		{969385E7-E855-47A8-94D2-97CC8002457E}.Debug|Any CPU.Build.0 = Debug|Any CPU
		{969385E7-E855-47A8-94D2-97CC8002457E}.Debug|Any CPU.Deploy.0 = Debug|Any CPU
		{969385E7-E855-47A8-94D2-97CC8002457E}.Release|Any CPU.ActiveCfg = Release|Any CPU
		{969385E7-E855-47A8-94D2-97CC8002457E}.Release|Any CPU.Build.0 = Release|Any CPU
		{969385E7-E855-47A8-94D2-97CC8002457E}.Release|Any CPU.Deploy.0 = Release|Any CPU
	EndGlobalSection
	GlobalSection(SolutionProperties) = preSolution
		HideSolutionNode = FALSE
	EndGlobalSection
	GlobalSection(ExtensibilityGlobals) = postSolution
		SolutionGuid = {B8C38FAC-43F3-44C5-A96E-A84D2045469F}
	EndGlobalSection
EndGlobal
