
Microsoft Visual Studio Solution File, Format Version 12.00
# Visual Studio Version 17
VisualStudioVersion = 17.1.32210.238
MinimumVisualStudioVersion = 10.0.40219.1
Project("{FAE04EC0-301F-11D3-BF4B-00C04F79EFBC}") = "EscapeGame", "EscapeGame\EscapeGame.csproj", "{23AF16AC-ADE8-4C60-B4ED-B2E7118E967D}"
EndProject
Global
	GlobalSection(SolutionConfigurationPlatforms) = preSolution
		Debug|Any CPU = Debug|Any CPU
		Release|Any CPU = Release|Any CPU
	EndGlobalSection
	GlobalSection(ProjectConfigurationPlatforms) = postSolution
		{23AF16AC-ADE8-4C60-B4ED-B2E7118E967D}.Debug|Any CPU.ActiveCfg = Debug|Any CPU
		{23AF16AC-ADE8-4C60-B4ED-B2E7118E967D}.Debug|Any CPU.Build.0 = Debug|Any CPU
		{23AF16AC-ADE8-4C60-B4ED-B2E7118E967D}.Release|Any CPU.ActiveCfg = Release|Any CPU
		{23AF16AC-ADE8-4C60-B4ED-B2E7118E967D}.Release|Any CPU.Build.0 = Release|Any CPU
	EndGlobalSection
	GlobalSection(SolutionProperties) = preSolution
		HideSolutionNode = FALSE
	EndGlobalSection
	GlobalSection(ExtensibilityGlobals) = postSolution
		SolutionGuid = {F429EF23-86CE-4D84-A4CC-D85549BF700D}
	EndGlobalSection
EndGlobal
